
Microsoft Visual Studio Solution File, Format Version 12.00
# Visual Studio 15
VisualStudioVersion = 15.0.27703.2000
MinimumVisualStudioVersion = 10.0.40219.1
Project("{FAE04EC0-301F-11D3-BF4B-00C04F79EFBC}") = "BotSalaryPackageCommittee", "BotSalaryPackageCommittee\BotSalaryPackageCommittee.csproj", "{3609F893-4AD0-4562-8551-266D8C1AC10C}"
EndProject
Global
	GlobalSection(SolutionConfigurationPlatforms) = preSolution
		Debug|Any CPU = Debug|Any CPU
		Release|Any CPU = Release|Any CPU
	EndGlobalSection
	GlobalSection(ProjectConfigurationPlatforms) = postSolution
		{3609F893-4AD0-4562-8551-266D8C1AC10C}.Debug|Any CPU.ActiveCfg = Debug|Any CPU
		{3609F893-4AD0-4562-8551-266D8C1AC10C}.Debug|Any CPU.Build.0 = Debug|Any CPU
		{3609F893-4AD0-4562-8551-266D8C1AC10C}.Release|Any CPU.ActiveCfg = Release|Any CPU
		{3609F893-4AD0-4562-8551-266D8C1AC10C}.Release|Any CPU.Build.0 = Release|Any CPU
	EndGlobalSection
	GlobalSection(SolutionProperties) = preSolution
		HideSolutionNode = FALSE
	EndGlobalSection
	GlobalSection(ExtensibilityGlobals) = postSolution
		SolutionGuid = {D9E87B21-B512-48DB-BA20-15B166219AD6}
	EndGlobalSection
EndGlobal
